
Microsoft Visual Studio Solution File, Format Version 12.00
# Visual Studio Version 17
VisualStudioVersion = 17.14.36408.4 d17.14
MinimumVisualStudioVersion = 10.0.40219.1
Project("{FAE04EC0-301F-11D3-BF4B-00C04F79EFBC}") = "02-Laboratory-Exercise-Queueing-Nicolas", "02-Laboratory-Exercise-Queueing-Nicolas\02-Laboratory-Exercise-Queueing-Nicolas.csproj", "{9C18CD05-C17B-498E-9DD4-BAF3E9CFFD16}"
EndProject
Global
	GlobalSection(SolutionConfigurationPlatforms) = preSolution
		Debug|Any CPU = Debug|Any CPU
		Release|Any CPU = Release|Any CPU
	EndGlobalSection
	GlobalSection(ProjectConfigurationPlatforms) = postSolution
		{9C18CD05-C17B-498E-9DD4-BAF3E9CFFD16}.Debug|Any CPU.ActiveCfg = Debug|Any CPU
		{9C18CD05-C17B-498E-9DD4-BAF3E9CFFD16}.Debug|Any CPU.Build.0 = Debug|Any CPU
		{9C18CD05-C17B-498E-9DD4-BAF3E9CFFD16}.Release|Any CPU.ActiveCfg = Release|Any CPU
		{9C18CD05-C17B-498E-9DD4-BAF3E9CFFD16}.Release|Any CPU.Build.0 = Release|Any CPU
	EndGlobalSection
	GlobalSection(SolutionProperties) = preSolution
		HideSolutionNode = FALSE
	EndGlobalSection
	GlobalSection(ExtensibilityGlobals) = postSolution
		SolutionGuid = {586CAE98-5781-4DD5-B09B-678A39EA3BA0}
	EndGlobalSection
EndGlobal
